# console.lock — the pre-prune --root=$TARGET closure, exactly as stage 30 resolves it
# GENERATED by scripts/relock.sh — do not hand-edit. See plan/15.
#
# SNAPSHOT_SHA256: c61294000825031e58a38f60fadb603423c61430b841d73b87705f789d83944b
# SNAPSHOT_DATE: 20260820
# PROFILE: default/linux/amd64/23.0/desktop/plasma/systemd
# PORTAGE_CONFIG_HASH: 436c9f7cc9bfc7dcad4c0a1862d1f325412e1f63e3ae9311b4f6753c0d10f110
# INCLUDE_CJK_FONTS: 1
# INCLUDE_PRINTING: 1
# INCLUDE_DISTROBOX: 1
# BUILD_PROFILE: console
# PROFILE_SETS: base hardware
#
=acct-group/adm-0-r3
=acct-group/audio-0-r3
=acct-group/cdrom-0-r3
=acct-group/clock-0
=acct-group/cuse-0
=acct-group/dialout-0-r3
=acct-group/disk-0-r3
=acct-group/flatpak-0-r2
=acct-group/floppy-0-r1
=acct-group/input-0-r3
=acct-group/kmem-0-r3
=acct-group/kvm-0-r3
=acct-group/lp-0-r3
=acct-group/lpadmin-0-r3
=acct-group/messagebus-0-r3
=acct-group/nobody-0-r2
=acct-group/pipewire-0-r2
=acct-group/plugdev-0-r3
=acct-group/polkitd-0-r3
=acct-group/render-0-r3
=acct-group/root-0-r2
=acct-group/sgx-0-r2
=acct-group/shadow-0
=acct-group/sshd-0-r3
=acct-group/systemd-coredump-0-r3
=acct-group/systemd-journal-0-r3
=acct-group/systemd-journal-remote-0-r3
=acct-group/systemd-network-0-r3
=acct-group/systemd-oom-0-r2
=acct-group/systemd-resolve-0-r3
=acct-group/systemd-timesync-0-r3
=acct-group/tape-0-r3
=acct-group/tty-0-r3
=acct-group/usb-0-r3
=acct-group/users-0-r2
=acct-group/utmp-0-r3
=acct-group/video-0-r3
=acct-group/wheel-0-r3
=acct-user/flatpak-0-r2
=acct-user/messagebus-0-r3
=acct-user/nobody-0-r2
=acct-user/polkitd-0-r3
=acct-user/root-0-r3
=acct-user/sshd-0-r3
=acct-user/systemd-coredump-0-r3
=acct-user/systemd-journal-remote-0-r3
=acct-user/systemd-network-0-r3
=acct-user/systemd-oom-0-r2
=acct-user/systemd-resolve-0-r3
=acct-user/systemd-timesync-0-r3
=app-accessibility/at-spi2-core-2.58.6
=app-admin/eselect-1.4.32
=app-admin/sudo-1.9.17_p2
=app-alternatives/awk-4
=app-alternatives/bzip2-1
=app-alternatives/gpg-1-r3
=app-alternatives/gzip-1
=app-arch/brotli-1.1.0
=app-arch/bzip2-1.0.8-r5
=app-arch/gzip-1.14
=app-arch/libarchive-3.8.9
=app-arch/lz4-1.10.0-r1
=app-arch/xz-utils-5.8.3
=app-arch/zstd-1.5.7-r1
=app-containers/aardvark-dns-1.17.1
=app-containers/catatonit-0.2.1
=app-containers/conmon-2.1.13
=app-containers/containers-common-0.64.2
=app-containers/containers-image-5.36.2
=app-containers/containers-shortnames-2025.03.19
=app-containers/containers-storage-1.59.1
=app-containers/crun-1.28
=app-containers/distrobox-1.8.2.5
=app-containers/netavark-1.17.1
=app-containers/podman-5.8.2
=app-crypt/argon2-20190702-r1
=app-crypt/gnupg-2.5.21
=app-crypt/gpgme-2.1.2
=app-crypt/libb2-0.98.1-r3
=app-crypt/libsecret-0.21.7
=app-crypt/pinentry-1.3.2-r1
=app-crypt/qca-2.3.10-r1
=app-editors/nano-9.1
=app-eselect/eselect-lua-4-r3
=app-i18n/gnulib-l10n-20241231
=app-misc/ca-certificates-20260223.3.112.4-r1
=app-misc/editor-wrapper-4-r1
=app-misc/mime-types-2.1.54
=app-shells/bash-5.3_p15
=app-text/iso-codes-4.20.1
=app-text/libpaper-2.1.3
=dev-db/sqlite-3.53.3
=dev-lang/duktape-2.7.0-r3
=dev-lang/lua-5.4.8
=dev-lang/python-3.14.6_p1
=dev-lang/python-exec-2.4.10
=dev-lang/python-exec-conf-2.4.6
=dev-libs/appstream-1.0.6
=dev-libs/double-conversion-3.4.0
=dev-libs/elfutils-0.195
=dev-libs/ell-0.83
=dev-libs/expat-2.8.3
=dev-libs/fribidi-1.0.16
=dev-libs/glib-2.88.2
=dev-libs/gmp-6.3.0-r2
=dev-libs/gobject-introspection-1.86.0
=dev-libs/gobject-introspection-common-1.86.0
=dev-libs/icu-78.3
=dev-libs/jansson-2.14.1
=dev-libs/json-c-0.18
=dev-libs/json-glib-1.10.8
=dev-libs/leancrypto-1.8.0
=dev-libs/libassuan-3.0.0-r1
=dev-libs/libatomic_ops-7.10.0
=dev-libs/libbytesize-2.12
=dev-libs/libevdev-1.13.6
=dev-libs/libffi-3.5.2
=dev-libs/libgcrypt-1.12.2
=dev-libs/libgpg-error-1.61
=dev-libs/libgudev-238-r2
=dev-libs/libical-3.0.20-r2
=dev-libs/libinput-1.31.3
=dev-libs/libksba-1.8.0
=dev-libs/libltdl-2.5.4
=dev-libs/libnl-3.12.0
=dev-libs/libpcre-8.45-r4
=dev-libs/libpcre2-10.47
=dev-libs/libtasn1-4.21.0
=dev-libs/libunistring-1.4.2
=dev-libs/libusb-1.0.29
=dev-libs/libxml2-2.15.3
=dev-libs/libxmlb-0.3.26
=dev-libs/libyaml-0.2.5
=dev-libs/md4c-0.5.3
=dev-libs/mpdecimal-4.0.1
=dev-libs/mpfr-4.2.2
=dev-libs/nettle-3.10.2
=dev-libs/newt-0.52.25-r2
=dev-libs/npth-1.8
=dev-libs/nspr-4.39
=dev-libs/nss-3.112.5
=dev-libs/openssl-3.5.7
=dev-libs/popt-1.19-r1
=dev-libs/snowball-stemmer-3.1.1
=dev-libs/wayland-1.24.0
=dev-libs/wayland-protocols-1.48
=dev-python/ensurepip-pip-26.1.2
=dev-python/gentoo-common-1
=dev-python/jaraco-context-6.1.2
=dev-python/jaraco-functools-4.6.0
=dev-python/jaraco-text-4.3.0
=dev-python/more-itertools-11.1.0
=dev-python/packaging-26.2
=dev-python/platformdirs-4.10.0
=dev-python/pycairo-1.29.0-r1
=dev-python/pygobject-3.56.3
=dev-python/setuptools-83.0.0
=dev-python/setuptools-scm-10.1.2
=dev-python/trove-classifiers-2026.6.1.19
=dev-python/vcs-versioning-2.2.2
=dev-python/wheel-0.47.0
=dev-qt/qt5compat-6.11.1
=dev-qt/qtbase-6.11.1
=dev-qt/qtdeclarative-6.11.1-r1
=dev-qt/qtshadertools-6.11.1
=dev-qt/qtsvg-6.11.1
=dev-qt/qttranslations-6.11.1
=dev-util/desktop-file-utils-0.28-r1
=dev-util/gtk-update-icon-cache-3.24.42
=dev-util/ostree-2025.6
=dev-util/pkgconf-2.5.1
=dev-util/spirv-tools-1.4.341.0
=gnome-base/dconf-0.40.0
=gnome-base/gsettings-desktop-schemas-49.1
=gnome-base/librsvg-2.62.2-r1
=gui-libs/egl-gbm-1.1.3
=gui-libs/egl-wayland-1.1.21
=gui-libs/egl-wayland2-1.0.1
=kde-frameworks/breeze-icons-6.27.0
=kde-frameworks/karchive-6.27.0
=kde-frameworks/kbookmarks-6.27.0
=kde-frameworks/kcmutils-6.27.0
=kde-frameworks/kcodecs-6.27.0
=kde-frameworks/kcolorscheme-6.27.0
=kde-frameworks/kcompletion-6.27.0
=kde-frameworks/kconfig-6.27.0
=kde-frameworks/kconfigwidgets-6.27.0
=kde-frameworks/kcoreaddons-6.27.0
=kde-frameworks/kcrash-6.27.0
=kde-frameworks/kdbusaddons-6.27.0
=kde-frameworks/kded-6.27.0
=kde-frameworks/kf-env-6
=kde-frameworks/kglobalaccel-6.27.0
=kde-frameworks/kguiaddons-6.27.0
=kde-frameworks/ki18n-6.27.0
=kde-frameworks/kiconthemes-6.27.0
=kde-frameworks/kio-6.27.0
=kde-frameworks/kirigami-6.27.0
=kde-frameworks/kitemviews-6.27.0
=kde-frameworks/kjobwidgets-6.27.0
=kde-frameworks/knotifications-6.27.0
=kde-frameworks/kpackage-6.27.0
=kde-frameworks/kparts-6.27.0
=kde-frameworks/ksecretd-services-6.27.0
=kde-frameworks/kservice-6.27.0
=kde-frameworks/ksvg-6.27.0
=kde-frameworks/ktextwidgets-6.27.0
=kde-frameworks/kwallet-6.27.0
=kde-frameworks/kwallet-runtime-6.27.0
=kde-frameworks/kwidgetsaddons-6.27.0
=kde-frameworks/kwindowsystem-6.27.0
=kde-frameworks/kxmlgui-6.27.0
=kde-frameworks/solid-6.27.0
=kde-frameworks/sonnet-6.27.0
=kde-plasma/kde-cli-tools-6.6.6
=kde-plasma/kde-cli-tools-common-6.6.6
=kde-plasma/keditfiletype-6.6.6
=kde-plasma/libplasma-6.6.6
=kde-plasma/plasma-activities-6.6.6
=kde-plasma/polkit-kde-agent-6.6.6
=llvm-core/llvm-22.1.8
=llvm-core/llvm-common-22.1.8
=llvm-core/llvm-toolchain-symlinks-22
=llvm-core/llvmgold-22
=media-fonts/liberation-fonts-2.1.5
=media-gfx/graphite2-1.3.14_p20210810-r5
=media-libs/alsa-lib-1.2.15.3
=media-libs/alsa-topology-conf-1.2.5.1-r1
=media-libs/alsa-ucm-conf-1.2.15.3
=media-libs/fdk-aac-2.0.3
=media-libs/flac-1.5.0
=media-libs/fontconfig-2.17.1
=media-libs/freeglut-3.8.0
=media-libs/freetype-2.14.3
=media-libs/giflib-5.2.2
=media-libs/glu-9.0.3
=media-libs/gmmlib-22.10.0
=media-libs/harfbuzz-12.3.2
=media-libs/libcanberra-0.30-r8
=media-libs/libdisplay-info-0.3.0
=media-libs/libepoxy-1.5.10-r3
=media-libs/libfreeaptx-0.1.1-r1
=media-libs/libglvnd-1.7.0
=media-libs/libjpeg-turbo-3.1.4.1
=media-libs/libldac-2.0.2.3-r2
=media-libs/libogg-1.3.6
=media-libs/libpng-1.6.58
=media-libs/libpulse-17.0
=media-libs/libsndfile-1.2.2-r2
=media-libs/libva-2.23.0
=media-libs/libva-intel-media-driver-26.3.1
=media-libs/libvorbis-1.3.7-r2
=media-libs/libwebp-1.6.0
=media-libs/mesa-26.1.6
=media-libs/opus-1.5.2
=media-libs/sbc-2.1
=media-libs/tiff-4.7.1
=media-sound/lame-3.100-r3
=media-sound/liblc3-1.1.3
=media-sound/mpg123-base-1.33.3
=media-video/pipewire-1.6.7
=media-video/wireplumber-0.5.15
=net-dialup/ppp-2.5.3
=net-dialup/ppp-scripts-0
=net-dns/c-ares-1.34.8
=net-dns/libidn2-2.3.8
=net-firewall/iptables-1.8.13
=net-firewall/nftables-1.1.6
=net-libs/glib-networking-2.80.1
=net-libs/gnutls-3.8.13
=net-libs/libasyncns-0.8-r4
=net-libs/libmbim-1.34.0
=net-libs/libmicrohttpd-1.0.1-r1
=net-libs/libmnl-1.0.5
=net-libs/libndp-1.9-r1
=net-libs/libnftnl-1.3.1
=net-libs/libproxy-0.5.12-r1
=net-libs/libpsl-0.21.5
=net-libs/libqmi-1.36.0
=net-libs/libqrtr-glib-1.4.0
=net-libs/libsoup-3.6.6
=net-libs/nghttp2-1.69.0
=net-libs/nghttp3-1.17.0
=net-libs/ngtcp2-1.24.0
=net-misc/curl-8.21.0-r1
=net-misc/ethertypes-0
=net-misc/iputils-20250605-r4
=net-misc/mobile-broadband-provider-info-20251101
=net-misc/modemmanager-1.24.2
=net-misc/networkmanager-1.56.0
=net-misc/openssh-10.4_p1-r1
=net-misc/passt-2025.12.15
=net-misc/socat-1.8.1.3
=net-print/cups-2.4.19
=net-wireless/bluez-5.86-r1
=net-wireless/wireless-regdb-20251007
=net-wireless/wpa_supplicant-2.11-r4
=sys-apps/acl-2.4.0-r2
=sys-apps/attr-2.6.0
=sys-apps/baselayout-2.18-r1
=sys-apps/bubblewrap-0.11.2-r1
=sys-apps/coreutils-9.11-r1
=sys-apps/dbus-1.16.2
=sys-apps/file-5.48
=sys-apps/findutils-4.11.0
=sys-apps/flatpak-1.18.1
=sys-apps/gawk-5.3.2
=sys-apps/gentoo-systemd-integration-9-r2
=sys-apps/gptfdisk-1.0.10-r1
=sys-apps/grep-3.12
=sys-apps/hwdata-0.401
=sys-apps/iproute2-7.0.0
=sys-apps/kbd-2.10.0
=sys-apps/keyutils-1.6.3-r1
=sys-apps/kmod-34.2
=sys-apps/pciutils-3.15.0
=sys-apps/sed-4.10-r1
=sys-apps/shadow-4.19.4
=sys-apps/systemd-260.1-r2
=sys-apps/usbutils-019
=sys-apps/util-linux-2.42.2
=sys-apps/xdg-dbus-proxy-0.1.7
=sys-apps/xdg-desktop-portal-1.20.4-r1
=sys-apps/zram-generator-1.2.1
=sys-auth/pambase-20251104-r1
=sys-auth/passwdqc-2.1.0-r1
=sys-auth/polkit-126-r3
=sys-auth/polkit-qt-0.201.1
=sys-block/parted-3.7
=sys-devel/gettext-0.23.2
=sys-firmware/intel-microcode-20260512_p20260513
=sys-firmware/sof-firmware-2025.12.2
=sys-fs/cryptsetup-2.8.6-r2
=sys-fs/dosfstools-4.2
=sys-fs/e2fsprogs-1.47.4
=sys-fs/fuse-3.18.2
=sys-fs/fuse-common-3.10.4-r3
=sys-fs/fuse-overlayfs-1.16
=sys-fs/lvm2-2.03.39
=sys-fs/udev-init-scripts-35
=sys-fs/udisks-2.11.2
=sys-kernel/gentoo-kernel-bin-6.18.43
=sys-kernel/linux-firmware-20260622
=sys-kernel/linux-headers-6.18
=sys-libs/gdbm-1.26
=sys-libs/glibc-2.43-r2
=sys-libs/gpm-1.20.7-r6
=sys-libs/libblockdev-3.4.0
=sys-libs/libcap-2.78
=sys-libs/libnvme-1.16.2
=sys-libs/libseccomp-2.6.0-r3
=sys-libs/libxcrypt-4.4.38-r1
=sys-libs/mtdev-1.1.7
=sys-libs/ncurses-6.5_p20251220
=sys-libs/pam-1.7.2
=sys-libs/readline-8.3_p3
=sys-libs/slang-2.3.3-r2
=sys-libs/timezone-data-2026b
=sys-libs/zlib-1.3.2-r1
=sys-power/switcheroo-control-3.0
=virtual/acl-0-r2
=virtual/dist-kernel-6.18.43
=virtual/editor-0-r7
=virtual/glu-9.0-r2
=virtual/libcrypt-2-r1
=virtual/libelf-3-r1
=virtual/libiconv-0-r2
=virtual/libintl-0-r2
=virtual/libudev-257
=virtual/libusb-1-r2
=virtual/opengl-8
=virtual/pkgconfig-3
=virtual/secret-service-0-r1
=virtual/tmpfiles-0-r6
=virtual/ttf-fonts-1-r2
=virtual/udev-217-r7
=virtual/zlib-1.3.1-r1
=x11-apps/xauth-1.1.5
=x11-apps/xprop-1.2.8
=x11-apps/xset-1.2.5
=x11-base/xorg-proto-2025.1
=x11-drivers/nvidia-drivers-595.91.07
=x11-libs/cairo-1.18.4-r1
=x11-libs/gdk-pixbuf-2.42.12
=x11-libs/gtk+-3.24.52
=x11-libs/libICE-1.1.2
=x11-libs/libSM-1.2.6
=x11-libs/libX11-1.8.13
=x11-libs/libXau-1.0.12
=x11-libs/libXcomposite-0.4.7
=x11-libs/libXcursor-1.2.3
=x11-libs/libXdamage-1.1.7
=x11-libs/libXdmcp-1.1.5
=x11-libs/libXext-1.3.7
=x11-libs/libXfixes-6.0.2
=x11-libs/libXft-2.3.9
=x11-libs/libXi-1.8.3
=x11-libs/libXmu-1.3.1
=x11-libs/libXrandr-1.5.5
=x11-libs/libXrender-0.9.12
=x11-libs/libXt-1.3.1-r1
=x11-libs/libXtst-1.2.5
=x11-libs/libXxf86vm-1.1.7
=x11-libs/libdrm-2.4.134
=x11-libs/libpciaccess-0.19
=x11-libs/libxcb-1.17.0
=x11-libs/libxkbcommon-1.13.2
=x11-libs/libxshmfence-1.3.3
=x11-libs/pango-1.57.1
=x11-libs/pixman-0.46.4
=x11-libs/xcb-util-0.4.1
=x11-libs/xcb-util-cursor-0.1.6
=x11-libs/xcb-util-image-0.4.1
=x11-libs/xcb-util-keysyms-0.4.1
=x11-libs/xcb-util-renderutil-0.3.10
=x11-libs/xcb-util-wm-0.4.2
=x11-misc/compose-tables-1.8.13
=x11-misc/shared-mime-info-2.4-r3
=x11-misc/xdg-utils-1.2.1-r11
=x11-misc/xkeyboard-config-2.48
=x11-themes/adwaita-icon-theme-49.0
=x11-themes/adwaita-icon-theme-legacy-46.2
=x11-themes/hicolor-icon-theme-0.17
=x11-themes/sound-theme-freedesktop-0.8-r1
