# apps.lock — the preinstalled Flatpaks, pinned to exact Flathub commits (plan/15 layer 5).
# GENERATED by scripts/relock.sh --flatpak — do not hand-edit.
#
# One "<ref> <commit>" per line. RUNTIMES ARE LISTED TOO, and they are the point: the five app
# refs are a few hundred MiB, while org.freedesktop.Platform, org.kde.Platform and the .Locale
# extensions are most of the 2.7 GiB /var/lib/flatpak this image ships. Pinning the apps and
# letting the runtimes float would leave nearly all of the bytes unpinned.
#
# Stage 40 installs, then deploys each locked commit with `flatpak update --commit=`, then reads
# back `flatpak list --columns=ref,active` and asserts. The readback is not decoration: a
# --commit that silently no-ops looks exactly like success.
#
# FLATPAK_PREINSTALL_MODE="firstboot" cannot be pinned by construction — the install happens on
# the device, months later. This lock applies to the "build" mode only.
#
# Flathub garbage-collects old commits on its own schedule, which is shorter and less documented
# than Gentoo's ebuild retention. This is the least durable pin in the build; stage 90's archive
# is what makes an old release still rebuildable after Flathub has moved on.
app/org.kde.ark/x86_64/stable d16b98afec4762c6b5400aef325a909c2cb2bd341d1a32f5614a0b873fc20b8f
app/org.kde.gwenview/x86_64/stable 2e1a9ce9752d7b8ae13992dfbec8bbf50cee2e32cb68c692dbdbb753a55e56ea
app/org.kde.kwrite/x86_64/stable a346741768a8a7939f41d813b2f6ab891c37c9619e3524b7af45efa63cc87e7c
app/org.kde.okular/x86_64/stable c294a8e2bb752bc9fc283ff6a3a1c4ed1dc0bf83727e3906cd2a4f0f08902d7d
app/org.mozilla.firefox/x86_64/stable 0c9162f4cf3d26af289524068c7ebef2a1b10f7cf6f913749f2f9bc3f3ce0dde
runtime/org.freedesktop.Platform.GL.default/x86_64/25.08 bcfd828b0c4739753cadb31964f8c1b0f90c8d2bed79bda2c2760438eb48c4b3
runtime/org.freedesktop.Platform.GL.default/x86_64/25.08-extra 37b03bfd88271f49ba6eaa00c07155716870497c66759972bc81d67153e35138
runtime/org.freedesktop.Platform.Locale/x86_64/25.08 084eff7344f995ade230f234d74e3ee0af227eacff65f2d72cec25078783b03f
runtime/org.freedesktop.Platform.codecs-extra/x86_64/25.08-extra 3f422b5306e0c1a1c6855fb36eeff26237d9d9c9a0abcb6d35bd9555ea75efed
runtime/org.freedesktop.Platform/x86_64/25.08 bd44a6230581917d04f89812a4c21090c304d390edb73995af1c2f9fd8abf4e8
runtime/org.kde.KStyle.Adwaita/x86_64/6.10 af4526bfc98d587b73109eb66d005ff6251fe4062a4ad5d48831aa5fb5ccca47
runtime/org.kde.Platform.Locale/x86_64/6.10 fd8f2b9352c2b87d2fda6a9e10b0659fc4f18ee3d287ace76fcad06df952f5e4
runtime/org.kde.Platform/x86_64/6.10 d0d8f7888350e93c0e6d009d79c5b143f6f6dde09de28ff93a7dc8a14a848c16
runtime/org.kde.ark.Locale/x86_64/stable dea2624e5c2fd9a94be0ad8e2acdb32dcadf4e07271ff113a54bfe479f52e39d
runtime/org.kde.gwenview.Locale/x86_64/stable 90a9443a65701947f37920240c246e27eca4a276f7f6f0f8bda6fa3686338b22
runtime/org.kde.kwrite.Locale/x86_64/stable 498d6f123d6fcb4e382f37f3b538c34c227e6eecaf4d300979b8f2f99b64a47c
runtime/org.kde.okular.Locale/x86_64/stable 9af05734b8050aef314204b36d4aaf374929a00098b67458dd471bd3a0c0b139
runtime/org.mozilla.firefox.Locale/x86_64/stable 77f2df762704f57ee1dd6b7cd68d697e585fc1af5a3cb06f7b36b74e5be84652
